
Microsoft Visual Studio Solution File, Format Version 12.00
# Visual Studio Version 16
VisualStudioVersion = 16.0.31205.134
MinimumVisualStudioVersion = 10.0.40219.1
Project("{FAE04EC0-301F-11D3-BF4B-00C04F79EFBC}") = "WMI.React.App.API", "WMI.Reac.App.API\WMI.React.App.API.csproj", "{88757EB7-C9A2-461C-8A90-466B7261894B}"
EndProject
Project("{FAE04EC0-301F-11D3-BF4B-00C04F79EFBC}") = "WMI.React.App.Data", "WMI.React.App.Data\WMI.React.App.Data.csproj", "{2C98A3D0-8C4A-4526-9AD8-FBFED745C2A4}"
EndProject
Project("{00D1A9C2-B5F0-4AF3-8072-F6C62B433612}") = "WMI.React.App.Database", "WMI.React.App.Database\WMI.React.App.Database.sqlproj", "{72345CA4-CA5E-4A02-A12C-ABA4CF657EA2}"
EndProject
Global
	GlobalSection(SolutionConfigurationPlatforms) = preSolution
		Debug|Any CPU = Debug|Any CPU
		Release|Any CPU = Release|Any CPU
	EndGlobalSection
	GlobalSection(ProjectConfigurationPlatforms) = postSolution
		{88757EB7-C9A2-461C-8A90-466B7261894B}.Debug|Any CPU.ActiveCfg = Debug|Any CPU
		{88757EB7-C9A2-461C-8A90-466B7261894B}.Debug|Any CPU.Build.0 = Debug|Any CPU
		{88757EB7-C9A2-461C-8A90-466B7261894B}.Release|Any CPU.ActiveCfg = Release|Any CPU
		{88757EB7-C9A2-461C-8A90-466B7261894B}.Release|Any CPU.Build.0 = Release|Any CPU
		{2C98A3D0-8C4A-4526-9AD8-FBFED745C2A4}.Debug|Any CPU.ActiveCfg = Debug|Any CPU
		{2C98A3D0-8C4A-4526-9AD8-FBFED745C2A4}.Debug|Any CPU.Build.0 = Debug|Any CPU
		{2C98A3D0-8C4A-4526-9AD8-FBFED745C2A4}.Release|Any CPU.ActiveCfg = Release|Any CPU
		{2C98A3D0-8C4A-4526-9AD8-FBFED745C2A4}.Release|Any CPU.Build.0 = Release|Any CPU
		{72345CA4-CA5E-4A02-A12C-ABA4CF657EA2}.Debug|Any CPU.ActiveCfg = Debug|Any CPU
		{72345CA4-CA5E-4A02-A12C-ABA4CF657EA2}.Debug|Any CPU.Build.0 = Debug|Any CPU
		{72345CA4-CA5E-4A02-A12C-ABA4CF657EA2}.Debug|Any CPU.Deploy.0 = Debug|Any CPU
		{72345CA4-CA5E-4A02-A12C-ABA4CF657EA2}.Release|Any CPU.ActiveCfg = Release|Any CPU
		{72345CA4-CA5E-4A02-A12C-ABA4CF657EA2}.Release|Any CPU.Build.0 = Release|Any CPU
		{72345CA4-CA5E-4A02-A12C-ABA4CF657EA2}.Release|Any CPU.Deploy.0 = Release|Any CPU
	EndGlobalSection
	GlobalSection(SolutionProperties) = preSolution
		HideSolutionNode = FALSE
	EndGlobalSection
	GlobalSection(ExtensibilityGlobals) = postSolution
		SolutionGuid = {DE1AB203-58B3-4AE7-91BA-B2DF8062B7DD}
	EndGlobalSection
EndGlobal
